
Microsoft Visual Studio Solution File, Format Version 12.00
# Visual Studio 14
VisualStudioVersion = 14.0.25420.1
MinimumVisualStudioVersion = 10.0.40219.1
Project("{2150E333-8FDC-42A3-9474-1A3956D46DE8}") = "src", "src", "{AD7C4BE2-3681-446B-B674-87320F4130F7}"
EndProject
Project("{2150E333-8FDC-42A3-9474-1A3956D46DE8}") = "Solution Items", "Solution Items", "{9F4B2FDB-FCA2-4F8F-80CB-5F7385724268}"
	ProjectSection(SolutionItems) = preProject
		global.json = global.json
	EndProjectSection
EndProject
Project("{8BB2217D-0F2D-49D1-97BC-3654ED321F3B}") = "StarodubOleg.GPLEX", "src\StarodubOleg.GPLEX\StarodubOleg.GPLEX.xproj", "{CABC54B9-BABC-4296-B517-27DEAFADDF79}"
EndProject
Global
	GlobalSection(SolutionConfigurationPlatforms) = preSolution
		Debug|Any CPU = Debug|Any CPU
		Release|Any CPU = Release|Any CPU
	EndGlobalSection
	GlobalSection(ProjectConfigurationPlatforms) = postSolution
		{CABC54B9-BABC-4296-B517-27DEAFADDF79}.Debug|Any CPU.ActiveCfg = Debug|Any CPU
		{CABC54B9-BABC-4296-B517-27DEAFADDF79}.Debug|Any CPU.Build.0 = Debug|Any CPU
		{CABC54B9-BABC-4296-B517-27DEAFADDF79}.Release|Any CPU.ActiveCfg = Release|Any CPU
		{CABC54B9-BABC-4296-B517-27DEAFADDF79}.Release|Any CPU.Build.0 = Release|Any CPU
	EndGlobalSection
	GlobalSection(SolutionProperties) = preSolution
		HideSolutionNode = FALSE
	EndGlobalSection
	GlobalSection(NestedProjects) = preSolution
		{CABC54B9-BABC-4296-B517-27DEAFADDF79} = {AD7C4BE2-3681-446B-B674-87320F4130F7}
	EndGlobalSection
EndGlobal
